
Microsoft Visual Studio Solution File, Format Version 12.00
# Visual Studio Version 17
VisualStudioVersion = 17.14.36915.13
MinimumVisualStudioVersion = 10.0.40219.1
Project("{FAE04EC0-301F-11D3-BF4B-00C04F79EFBC}") = "AroundIOModule", "AroundIOModule\AroundIOModule.csproj", "{E163F3BC-A8F4-44A3-A10E-811B90AF98CA}"
EndProject
Project("{FAE04EC0-301F-11D3-BF4B-00C04F79EFBC}") = "AxisControlModule", "AxisControlModule\AxisControlModule.csproj", "{95E64063-506A-4EDE-891C-83A159ED7DDD}"
EndProject
Project("{FAE04EC0-301F-11D3-BF4B-00C04F79EFBC}") = "BoatModule", "BoatModule\BoatModule.csproj", "{A5618AAD-9580-4832-A07A-19AAA62C835F}"
EndProject
Project("{FAE04EC0-301F-11D3-BF4B-00C04F79EFBC}") = "CalibrationModule", "CalibrationModule\CalibrationModule.csproj", "{4D569960-1996-448F-8610-F1CF3FBB6357}"
EndProject
Project("{FAE04EC0-301F-11D3-BF4B-00C04F79EFBC}") = "FlowCarrierModule", "FlowCarrierModule\FlowCarrierModule.csproj", "{3D16C0A5-3647-4390-9DC9-0BB8E23CB04E}"
EndProject
Project("{FAE04EC0-301F-11D3-BF4B-00C04F79EFBC}") = "InspectionModule", "InspectionModule\InspectionModule.csproj", "{A6B7AACC-B9B8-4BEC-8FFC-86476BE65DCA}"
EndProject
Project("{FAE04EC0-301F-11D3-BF4B-00C04F79EFBC}") = "TA2000Module", "TA2000Modules\TA2000Module.csproj", "{6A55EB6D-C696-4A96-A171-74E87DE71C7A}"
EndProject
Global
	GlobalSection(SolutionConfigurationPlatforms) = preSolution
		CDI2.0_Debug|Any CPU = CDI2.0_Debug|Any CPU
		CDI2.0Debug|Any CPU = CDI2.0Debug|Any CPU
		Debug|Any CPU = Debug|Any CPU
		Release|Any CPU = Release|Any CPU
	EndGlobalSection
	GlobalSection(ProjectConfigurationPlatforms) = postSolution
		{E163F3BC-A8F4-44A3-A10E-811B90AF98CA}.CDI2.0_Debug|Any CPU.ActiveCfg = CDI2.0Debug|Any CPU
		{E163F3BC-A8F4-44A3-A10E-811B90AF98CA}.CDI2.0_Debug|Any CPU.Build.0 = CDI2.0Debug|Any CPU
		{E163F3BC-A8F4-44A3-A10E-811B90AF98CA}.CDI2.0Debug|Any CPU.ActiveCfg = CDI2.0Debug|Any CPU
		{E163F3BC-A8F4-44A3-A10E-811B90AF98CA}.CDI2.0Debug|Any CPU.Build.0 = CDI2.0Debug|Any CPU
		{E163F3BC-A8F4-44A3-A10E-811B90AF98CA}.Debug|Any CPU.ActiveCfg = Debug|Any CPU
		{E163F3BC-A8F4-44A3-A10E-811B90AF98CA}.Debug|Any CPU.Build.0 = Debug|Any CPU
		{E163F3BC-A8F4-44A3-A10E-811B90AF98CA}.Release|Any CPU.ActiveCfg = Release|Any CPU
		{E163F3BC-A8F4-44A3-A10E-811B90AF98CA}.Release|Any CPU.Build.0 = Release|Any CPU
		{95E64063-506A-4EDE-891C-83A159ED7DDD}.CDI2.0_Debug|Any CPU.ActiveCfg = CDI2.0Debug|Any CPU
		{95E64063-506A-4EDE-891C-83A159ED7DDD}.CDI2.0_Debug|Any CPU.Build.0 = CDI2.0Debug|Any CPU
		{95E64063-506A-4EDE-891C-83A159ED7DDD}.CDI2.0Debug|Any CPU.ActiveCfg = CDI2.0Debug|Any CPU
		{95E64063-506A-4EDE-891C-83A159ED7DDD}.CDI2.0Debug|Any CPU.Build.0 = CDI2.0Debug|Any CPU
		{95E64063-506A-4EDE-891C-83A159ED7DDD}.Debug|Any CPU.ActiveCfg = Debug|Any CPU
		{95E64063-506A-4EDE-891C-83A159ED7DDD}.Debug|Any CPU.Build.0 = Debug|Any CPU
		{95E64063-506A-4EDE-891C-83A159ED7DDD}.Release|Any CPU.ActiveCfg = Release|Any CPU
		{95E64063-506A-4EDE-891C-83A159ED7DDD}.Release|Any CPU.Build.0 = Release|Any CPU
		{A5618AAD-9580-4832-A07A-19AAA62C835F}.CDI2.0_Debug|Any CPU.ActiveCfg = CDI2.0Debug|Any CPU
		{A5618AAD-9580-4832-A07A-19AAA62C835F}.CDI2.0_Debug|Any CPU.Build.0 = CDI2.0Debug|Any CPU
		{A5618AAD-9580-4832-A07A-19AAA62C835F}.CDI2.0Debug|Any CPU.ActiveCfg = CDI2.0Debug|Any CPU
		{A5618AAD-9580-4832-A07A-19AAA62C835F}.CDI2.0Debug|Any CPU.Build.0 = CDI2.0Debug|Any CPU
		{A5618AAD-9580-4832-A07A-19AAA62C835F}.Debug|Any CPU.ActiveCfg = Debug|Any CPU
		{A5618AAD-9580-4832-A07A-19AAA62C835F}.Debug|Any CPU.Build.0 = Debug|Any CPU
		{A5618AAD-9580-4832-A07A-19AAA62C835F}.Release|Any CPU.ActiveCfg = Release|Any CPU
		{A5618AAD-9580-4832-A07A-19AAA62C835F}.Release|Any CPU.Build.0 = Release|Any CPU
		{4D569960-1996-448F-8610-F1CF3FBB6357}.CDI2.0_Debug|Any CPU.ActiveCfg = CDI2.0Debug|Any CPU
		{4D569960-1996-448F-8610-F1CF3FBB6357}.CDI2.0_Debug|Any CPU.Build.0 = CDI2.0Debug|Any CPU
		{4D569960-1996-448F-8610-F1CF3FBB6357}.CDI2.0Debug|Any CPU.ActiveCfg = CDI2.0Debug|Any CPU
		{4D569960-1996-448F-8610-F1CF3FBB6357}.CDI2.0Debug|Any CPU.Build.0 = CDI2.0Debug|Any CPU
		{4D569960-1996-448F-8610-F1CF3FBB6357}.Debug|Any CPU.ActiveCfg = Debug|Any CPU
		{4D569960-1996-448F-8610-F1CF3FBB6357}.Debug|Any CPU.Build.0 = Debug|Any CPU
		{4D569960-1996-448F-8610-F1CF3FBB6357}.Release|Any CPU.ActiveCfg = Release|Any CPU
		{4D569960-1996-448F-8610-F1CF3FBB6357}.Release|Any CPU.Build.0 = Release|Any CPU
		{3D16C0A5-3647-4390-9DC9-0BB8E23CB04E}.CDI2.0_Debug|Any CPU.ActiveCfg = CDI2.0Debug|Any CPU
		{3D16C0A5-3647-4390-9DC9-0BB8E23CB04E}.CDI2.0_Debug|Any CPU.Build.0 = CDI2.0Debug|Any CPU
		{3D16C0A5-3647-4390-9DC9-0BB8E23CB04E}.CDI2.0Debug|Any CPU.ActiveCfg = CDI2.0Debug|Any CPU
		{3D16C0A5-3647-4390-9DC9-0BB8E23CB04E}.CDI2.0Debug|Any CPU.Build.0 = CDI2.0Debug|Any CPU
		{3D16C0A5-3647-4390-9DC9-0BB8E23CB04E}.Debug|Any CPU.ActiveCfg = Debug|Any CPU
		{3D16C0A5-3647-4390-9DC9-0BB8E23CB04E}.Debug|Any CPU.Build.0 = Debug|Any CPU
		{3D16C0A5-3647-4390-9DC9-0BB8E23CB04E}.Release|Any CPU.ActiveCfg = Release|Any CPU
		{3D16C0A5-3647-4390-9DC9-0BB8E23CB04E}.Release|Any CPU.Build.0 = Release|Any CPU
		{A6B7AACC-B9B8-4BEC-8FFC-86476BE65DCA}.CDI2.0_Debug|Any CPU.ActiveCfg = CDI2.0Debug|Any CPU
		{A6B7AACC-B9B8-4BEC-8FFC-86476BE65DCA}.CDI2.0_Debug|Any CPU.Build.0 = CDI2.0Debug|Any CPU
		{A6B7AACC-B9B8-4BEC-8FFC-86476BE65DCA}.CDI2.0Debug|Any CPU.ActiveCfg = CDI2.0Debug|Any CPU
		{A6B7AACC-B9B8-4BEC-8FFC-86476BE65DCA}.CDI2.0Debug|Any CPU.Build.0 = CDI2.0Debug|Any CPU
		{A6B7AACC-B9B8-4BEC-8FFC-86476BE65DCA}.Debug|Any CPU.ActiveCfg = Debug|Any CPU
		{A6B7AACC-B9B8-4BEC-8FFC-86476BE65DCA}.Debug|Any CPU.Build.0 = Debug|Any CPU
		{A6B7AACC-B9B8-4BEC-8FFC-86476BE65DCA}.Release|Any CPU.ActiveCfg = Release|Any CPU
		{A6B7AACC-B9B8-4BEC-8FFC-86476BE65DCA}.Release|Any CPU.Build.0 = Release|Any CPU
		{6A55EB6D-C696-4A96-A171-74E87DE71C7A}.CDI2.0_Debug|Any CPU.ActiveCfg = CDI2.0Debug|Any CPU
		{6A55EB6D-C696-4A96-A171-74E87DE71C7A}.CDI2.0_Debug|Any CPU.Build.0 = CDI2.0Debug|Any CPU
		{6A55EB6D-C696-4A96-A171-74E87DE71C7A}.CDI2.0Debug|Any CPU.ActiveCfg = CDI2.0Debug|Any CPU
		{6A55EB6D-C696-4A96-A171-74E87DE71C7A}.CDI2.0Debug|Any CPU.Build.0 = CDI2.0Debug|Any CPU
		{6A55EB6D-C696-4A96-A171-74E87DE71C7A}.Debug|Any CPU.ActiveCfg = Debug|Any CPU
		{6A55EB6D-C696-4A96-A171-74E87DE71C7A}.Debug|Any CPU.Build.0 = Debug|Any CPU
		{6A55EB6D-C696-4A96-A171-74E87DE71C7A}.Release|Any CPU.ActiveCfg = Release|Any CPU
		{6A55EB6D-C696-4A96-A171-74E87DE71C7A}.Release|Any CPU.Build.0 = Release|Any CPU
	EndGlobalSection
	GlobalSection(SolutionProperties) = preSolution
		HideSolutionNode = FALSE
	EndGlobalSection
	GlobalSection(ExtensibilityGlobals) = postSolution
		SolutionGuid = {2835259C-B042-4FEB-A923-3611C7DC7059}
	EndGlobalSection
EndGlobal
